
Microsoft Visual Studio Solution File, Format Version 12.00
# Visual Studio Version 16
VisualStudioVersion = 16.0.808.3
MinimumVisualStudioVersion = 10.0.40219.1
Project("{F2A71F9B-5D33-465A-A702-920D77279786}") = "day02", "day02.fsproj", "{B8744768-D8E9-46DF-9557-C00229762684}"
EndProject
Global
	GlobalSection(SolutionConfigurationPlatforms) = preSolution
		Debug|Any CPU = Debug|Any CPU
		Release|Any CPU = Release|Any CPU
	EndGlobalSection
	GlobalSection(ProjectConfigurationPlatforms) = postSolution
		{B8744768-D8E9-46DF-9557-C00229762684}.Debug|Any CPU.ActiveCfg = Debug|Any CPU
		{B8744768-D8E9-46DF-9557-C00229762684}.Debug|Any CPU.Build.0 = Debug|Any CPU
		{B8744768-D8E9-46DF-9557-C00229762684}.Release|Any CPU.ActiveCfg = Release|Any CPU
		{B8744768-D8E9-46DF-9557-C00229762684}.Release|Any CPU.Build.0 = Release|Any CPU
	EndGlobalSection
	GlobalSection(SolutionProperties) = preSolution
		HideSolutionNode = FALSE
	EndGlobalSection
	GlobalSection(ExtensibilityGlobals) = postSolution
		SolutionGuid = {840E589F-2611-4994-9D03-A0F283BA7675}
	EndGlobalSection
EndGlobal
