
Microsoft Visual Studio Solution File, Format Version 12.00
# Visual Studio Version 16
VisualStudioVersion = 16.0.808.3
MinimumVisualStudioVersion = 10.0.40219.1
Project("{F2A71F9B-5D33-465A-A702-920D77279786}") = "day01", "day01.fsproj", "{BD0B049F-3D12-480C-A4F8-7C41C4DC8D16}"
EndProject
Global
	GlobalSection(SolutionConfigurationPlatforms) = preSolution
		Debug|Any CPU = Debug|Any CPU
		Release|Any CPU = Release|Any CPU
	EndGlobalSection
	GlobalSection(ProjectConfigurationPlatforms) = postSolution
		{BD0B049F-3D12-480C-A4F8-7C41C4DC8D16}.Debug|Any CPU.ActiveCfg = Debug|Any CPU
		{BD0B049F-3D12-480C-A4F8-7C41C4DC8D16}.Debug|Any CPU.Build.0 = Debug|Any CPU
		{BD0B049F-3D12-480C-A4F8-7C41C4DC8D16}.Release|Any CPU.ActiveCfg = Release|Any CPU
		{BD0B049F-3D12-480C-A4F8-7C41C4DC8D16}.Release|Any CPU.Build.0 = Release|Any CPU
	EndGlobalSection
	GlobalSection(SolutionProperties) = preSolution
		HideSolutionNode = FALSE
	EndGlobalSection
	GlobalSection(ExtensibilityGlobals) = postSolution
		SolutionGuid = {D4935884-AD0D-42C5-A3F3-14042268FA23}
	EndGlobalSection
EndGlobal
